
Microsoft Visual Studio Solution File, Format Version 12.00
# Visual Studio 14
VisualStudioVersion = 14.0.25420.1
MinimumVisualStudioVersion = 10.0.40219.1
Project("{FAE04EC0-301F-11D3-BF4B-00C04F79EFBC}") = "LinkedList", "LinkedList\LinkedList.csproj", "{B0022784-4467-4594-B620-E44080027105}"
EndProject
Project("{FAE04EC0-301F-11D3-BF4B-00C04F79EFBC}") = "SimpNodeChain", "SimpNodeChain\SimpNodeChain.csproj", "{50C61650-65F2-4CA4-929D-A864827428BC}"
EndProject
Global
	GlobalSection(SolutionConfigurationPlatforms) = preSolution
		Debug|Any CPU = Debug|Any CPU
		Release|Any CPU = Release|Any CPU
	EndGlobalSection
	GlobalSection(ProjectConfigurationPlatforms) = postSolution
		{B0022784-4467-4594-B620-E44080027105}.Debug|Any CPU.ActiveCfg = Debug|Any CPU
		{B0022784-4467-4594-B620-E44080027105}.Debug|Any CPU.Build.0 = Debug|Any CPU
		{B0022784-4467-4594-B620-E44080027105}.Release|Any CPU.ActiveCfg = Release|Any CPU
		{B0022784-4467-4594-B620-E44080027105}.Release|Any CPU.Build.0 = Release|Any CPU
		{50C61650-65F2-4CA4-929D-A864827428BC}.Debug|Any CPU.ActiveCfg = Debug|Any CPU
		{50C61650-65F2-4CA4-929D-A864827428BC}.Debug|Any CPU.Build.0 = Debug|Any CPU
		{50C61650-65F2-4CA4-929D-A864827428BC}.Release|Any CPU.ActiveCfg = Release|Any CPU
		{50C61650-65F2-4CA4-929D-A864827428BC}.Release|Any CPU.Build.0 = Release|Any CPU
	EndGlobalSection
	GlobalSection(SolutionProperties) = preSolution
		HideSolutionNode = FALSE
	EndGlobalSection
EndGlobal
